langcode: en
status: true
dependencies:
  config:
    - views.view.entity_interactions
  module:
    - views
    - sapi_entity_interaction
  theme:
    - bartik
id: views_block__entity_interactions_top_content_contributors_block
theme: bartik
region: sidebar_second
provider: null
plugin: 'views_block:entity_interactions-top_content_contributors_block'
settings:
  id: 'views_block:entity_interactions-top_content_contributors_block'
  label: ''
  provider: views
  label_display: visible
  views_label: ''
  items_per_page: none
visibility: {  }
