langcode: en
status: true
dependencies:
  config:
    - views.view.most_viewed_articles
  module:
    - views
    - sapi_entity_interaction
  theme:
    - bartik
id: views_block__most_viewed_articles_most_viewed_articles_block
theme: bartik
region: sidebar_second
provider: null
plugin: 'views_block:most_viewed_articles-most_viewed_articles_block'
settings:
  id: 'views_block:most_viewed_articles-most_viewed_articles_block'
  label: ''
  provider: views
  label_display: visible
  views_label: ''
  items_per_page: none
visibility: {  }
